{
  "version": 4,
  "terraform_version": "0.12.6",
  "serial": 155,
  "lineage": "9f640310-4377-35ae-be71-881bbb345514",
  "outputs": {},
  "resources": [
    {
      "mode": "managed",
      "type": "docker_container",
      "name": "postgres_container",
      "provider": "provider.docker",
      "instances": [
        {
          "schema_version": 2,
          "attributes": {
            "attach": false,
            "bridge": "",
            "capabilities": [],
            "command": [
              "postgres"
            ],
            "container_logs": null,
            "cpu_set": "",
            "cpu_shares": 0,
            "destroy_grace_seconds": null,
            "devices": [],
            "dns": [],
            "dns_opts": [],
            "dns_search": null,
            "domainname": "",
            "entrypoint": [
              "docker-entrypoint.sh"
            ],
            "env": [
              "POSTGRES_DB=climate_db",
              "POSTGRES_PASSWORD=postgres",
              "POSTGRES_USER=postgres"
            ],
            "exit_code": null,
            "gateway": "172.18.0.1",
            "group_add": null,
            "healthcheck": [],
            "host": [],
            "hostname": "9e20c74440c6",
            "id": "9e20c74440c6c180fd82418e12575c3131f8fcd0b0e675e306a9d0a466011ccb",
            "image": "sha256:b4acaecd6b1dceb805a3b421a9019d72ee7416cba7795870d3e45093c3e834dc",
            "ip_address": "172.18.0.2",
            "ip_prefix_length": 16,
            "ipc_mode": "private",
            "labels": [],
            "links": null,
            "log_driver": "json-file",
            "log_opts": {},
            "logs": false,
            "max_retry_count": 0,
            "memory": 0,
            "memory_swap": 0,
            "mounts": [],
            "must_run": true,
            "name": "postgres_container",
            "network_alias": null,
            "network_data": [
              {
                "gateway": "172.18.0.1",
                "ip_address": "172.18.0.2",
                "ip_prefix_length": 16,
                "network_name": "data_pipeline_network"
              }
            ],
            "network_mode": "bridge",
            "networks": null,
            "networks_advanced": [
              {
                "aliases": [],
                "ipv4_address": "",
                "ipv6_address": "",
                "name": "data_pipeline_network"
              }
            ],
            "pid_mode": "",
            "ports": [
              {
                "external": 5432,
                "internal": 5432,
                "ip": "0.0.0.0",
                "protocol": "tcp"
              }
            ],
            "privileged": false,
            "publish_all_ports": false,
            "read_only": false,
            "restart": "no",
            "rm": false,
            "shm_size": 64,
            "start": true,
            "sysctls": null,
            "tmpfs": null,
            "ulimit": [],
            "upload": [],
            "user": "",
            "userns_mode": "",
            "volumes": [
              {
                "container_path": "/docker-entrypoint-initdb.d/init.sql",
                "from_container": "",
                "host_path": "/Users/elishuamcpherson/Downloads/Speedcast/solution/init.sql",
                "read_only": null,
                "volume_name": ""
              },
              {
                "container_path": "/var/lib/postgresql/data",
                "from_container": "",
                "host_path": "/Users/elishuamcpherson/Downloads/Speedcast/postgres_data",
                "read_only": null,
                "volume_name": ""
              }
            ],
            "working_dir": ""
          },
          "private": "eyJzY2hlbWFfdmVyc2lvbiI6IjIifQ==",
          "depends_on": [
            "docker_network.data_pipeline_network",
            "null_resource.build_postgres_image"
          ]
        }
      ]
    },
    {
      "mode": "managed",
      "type": "docker_container",
      "name": "python_container",
      "provider": "provider.docker",
      "instances": [
        {
          "schema_version": 2,
          "attributes": {
            "attach": false,
            "bridge": "",
            "capabilities": [],
            "command": [],
            "container_logs": null,
            "cpu_set": "",
            "cpu_shares": 0,
            "destroy_grace_seconds": null,
            "devices": [],
            "dns": [],
            "dns_opts": [],
            "dns_search": null,
            "domainname": "",
            "entrypoint": [
              "/bin/sh",
              "-c",
              "mkdir -p /app \u0026\u0026 ls /app \u0026\u0026 python3 /app/query_script.py"
            ],
            "env": null,
            "exit_code": null,
            "gateway": "172.18.0.1",
            "group_add": null,
            "healthcheck": [],
            "host": [],
            "hostname": "06ccd956828f",
            "id": "06ccd956828fd772b7490e4e7ffffa12305eda96b969abc755341ff1d827102a",
            "image": "sha256:834a88f7cdb8d08aa5e6cc61ff434b262ab757e0e06bb8d81d9778a0bf76da01",
            "ip_address": "172.18.0.3",
            "ip_prefix_length": 16,
            "ipc_mode": "private",
            "labels": [],
            "links": null,
            "log_driver": "json-file",
            "log_opts": {},
            "logs": false,
            "max_retry_count": 0,
            "memory": 0,
            "memory_swap": 0,
            "mounts": [],
            "must_run": true,
            "name": "python_container",
            "network_alias": null,
            "network_data": [
              {
                "gateway": "172.18.0.1",
                "ip_address": "172.18.0.3",
                "ip_prefix_length": 16,
                "network_name": "data_pipeline_network"
              }
            ],
            "network_mode": "bridge",
            "networks": null,
            "networks_advanced": [
              {
                "aliases": [],
                "ipv4_address": "",
                "ipv6_address": "",
                "name": "data_pipeline_network"
              }
            ],
            "pid_mode": "",
            "ports": [],
            "privileged": false,
            "publish_all_ports": false,
            "read_only": false,
            "restart": "no",
            "rm": false,
            "shm_size": 64,
            "start": true,
            "sysctls": null,
            "tmpfs": null,
            "ulimit": [],
            "upload": [],
            "user": "",
            "userns_mode": "",
            "volumes": [
              {
                "container_path": "/app",
                "from_container": "",
                "host_path": "/Users/elishuamcpherson/Downloads/Speedcast/solution",
                "read_only": null,
                "volume_name": ""
              }
            ],
            "working_dir": "/app"
          },
          "private": "eyJzY2hlbWFfdmVyc2lvbiI6IjIifQ==",
          "depends_on": [
            "docker_container.postgres_container",
            "docker_network.data_pipeline_network",
            "null_resource.build_python_image"
          ]
        }
      ]
    },
    {
      "mode": "managed",
      "type": "docker_network",
      "name": "data_pipeline_network",
      "provider": "provider.docker",
      "instances": [
        {
          "schema_version": 1,
          "attributes": {
            "attachable": false,
            "check_duplicate": null,
            "driver": "bridge",
            "id": "e1f2faefbf75dc77f86b9363babcdfc34df3b6446a8a7c99d4ec7cc71481ef64",
            "ingress": false,
            "internal": false,
            "ipam_config": [
              {
                "aux_address": {},
                "gateway": "172.18.0.1",
                "ip_range": "",
                "subnet": "172.18.0.0/16"
              }
            ],
            "ipam_driver": "default",
            "ipv6": false,
            "labels": [],
            "name": "data_pipeline_network",
            "options": {},
            "scope": "local"
          },
          "private": "eyJzY2hlbWFfdmVyc2lvbiI6IjEifQ=="
        }
      ]
    },
    {
      "mode": "managed",
      "type": "null_resource",
      "name": "build_postgres_image",
      "provider": "provider.null",
      "instances": [
        {
          "schema_version": 0,
          "attributes": {
            "id": "2476552121026798740",
            "triggers": null
          },
          "private": "bnVsbA=="
        }
      ]
    },
    {
      "mode": "managed",
      "type": "null_resource",
      "name": "build_python_image",
      "provider": "provider.null",
      "instances": [
        {
          "schema_version": 0,
          "attributes": {
            "id": "8508278637118848321",
            "triggers": null
          },
          "private": "bnVsbA=="
        }
      ]
    }
  ]
}
